{
  "requires": true,
  "lockfileVersion": 1,
  "dependencies": {
    "hexo-renderer-pandoc": {
      "version": "0.3.1",
      "resolved": "https://registry.npmjs.org/hexo-renderer-pandoc/-/hexo-renderer-pandoc-0.3.1.tgz",
      "integrity": "sha512-ZTUzLkJHFA6OCzk37xR9PWYydLwuv4qV7iJMe5p88gxiIo3d1M/dOwsIXEra/olcA/y9UKw57qASCby1NseNsw=="
    }
  }
}
